
Microsoft Visual Studio Solution File, Format Version 12.00
# Visual Studio Version 17
VisualStudioVersion = 17.2.32204.284
MinimumVisualStudioVersion = 10.0.40219.1
Project("{9A19103F-16F7-4668-BE54-9A1E7A4F7556}") = "AreaPod.IssueTriage", "AreaPod.IssueTriage\AreaPod.IssueTriage.csproj", "{A7F07908-8CBF-47AC-A96C-50F0B93FC760}"
EndProject
Project("{9A19103F-16F7-4668-BE54-9A1E7A4F7556}") = "Workflows", "..\..\.github\workflows\Workflows.csproj", "{F03F0F94-F5AD-4DF3-92CC-1FA454FFB213}"
EndProject
Global
	GlobalSection(SolutionConfigurationPlatforms) = preSolution
		Debug|Any CPU = Debug|Any CPU
		Release|Any CPU = Release|Any CPU
	EndGlobalSection
	GlobalSection(ProjectConfigurationPlatforms) = postSolution
		{A7F07908-8CBF-47AC-A96C-50F0B93FC760}.Debug|Any CPU.ActiveCfg = Debug|Any CPU
		{A7F07908-8CBF-47AC-A96C-50F0B93FC760}.Debug|Any CPU.Build.0 = Debug|Any CPU
		{A7F07908-8CBF-47AC-A96C-50F0B93FC760}.Release|Any CPU.ActiveCfg = Release|Any CPU
		{A7F07908-8CBF-47AC-A96C-50F0B93FC760}.Release|Any CPU.Build.0 = Release|Any CPU
		{F03F0F94-F5AD-4DF3-92CC-1FA454FFB213}.Debug|Any CPU.ActiveCfg = Debug|Any CPU
		{F03F0F94-F5AD-4DF3-92CC-1FA454FFB213}.Debug|Any CPU.Build.0 = Debug|Any CPU
		{F03F0F94-F5AD-4DF3-92CC-1FA454FFB213}.Release|Any CPU.ActiveCfg = Release|Any CPU
		{F03F0F94-F5AD-4DF3-92CC-1FA454FFB213}.Release|Any CPU.Build.0 = Release|Any CPU
	EndGlobalSection
	GlobalSection(SolutionProperties) = preSolution
		HideSolutionNode = FALSE
	EndGlobalSection
	GlobalSection(ExtensibilityGlobals) = postSolution
		SolutionGuid = {14320779-1033-4118-B194-84798C13282E}
	EndGlobalSection
EndGlobal
